<?xml version="1.0" encoding="utf-8"?>
<Project ToolsVersion="4.0" xmlns="http://schemas.microsoft.com/developer/msbuild/2003">
  <ItemGroup>
    <Filter Include="资源文件">
      <UniqueIdentifier>{67DA6AB6-F800-4c08-8B7A-83BB121AAD01}</UniqueIdentifier>
      <Extensions>rc;ico;cur;bmp;dlg;rc2;rct;bin;rgs;gif;jpg;jpeg;jpe;resx;tiff;tif;png;wav;mfcribbon-ms</Extensions>
    </Filter>
    <Filter Include="template">
      <UniqueIdentifier>{3aadb113-ae49-462a-b87d-8718888bebfd}</UniqueIdentifier>
    </Filter>
    <Filter Include="encrypt">
      <UniqueIdentifier>{4FC737F1-C7A5-4376-A066-2A32D752A2FF}</UniqueIdentifier>
      <Extensions>cpp;c;cc;cxx;def;odl;idl;hpj;bat;asm;asmx</Extensions>
    </Filter>
    <Filter Include="standard">
      <UniqueIdentifier>{93995380-89BD-4b04-88EB-625FBE52EBFB}</UniqueIdentifier>
      <Extensions>h;hh;hpp;hxx;hm;inl;inc;xsd</Extensions>
    </Filter>
    <Filter Include="utility">
      <UniqueIdentifier>{b283c527-4122-4124-8d31-e9a7a031232c}</UniqueIdentifier>
    </Filter>
  </ItemGroup>
  <ItemGroup>
    <ClInclude Include="..\..\..\source\standard\_alphabet_map.h">
      <Filter>standard</Filter>
    </ClInclude>
    <ClInclude Include="..\..\..\source\standard\_bitshift.h">
      <Filter>standard</Filter>
    </ClInclude>
    <ClInclude Include="..\..\..\source\standard\_constant.h">
      <Filter>standard</Filter>
    </ClInclude>
    <ClInclude Include="..\..\..\source\standard\_data.h">
      <Filter>standard</Filter>
    </ClInclude>
    <ClInclude Include="..\..\..\source\standard\_ieee_754.h">
      <Filter>standard</Filter>
    </ClInclude>
    <ClInclude Include="..\..\..\source\standard\_math.h">
      <Filter>standard</Filter>
    </ClInclude>
    <ClInclude Include="..\..\..\source\standard\_memory.h">
      <Filter>standard</Filter>
    </ClInclude>
    <ClInclude Include="..\..\..\source\standard\_tchar.h">
      <Filter>standard</Filter>
    </ClInclude>
    <ClInclude Include="..\..\..\source\standard\_variant.h">
      <Filter>standard</Filter>
    </ClInclude>
    <ClInclude Include="..\..\..\source\standard\_base64.h">
      <Filter>encrypt</Filter>
    </ClInclude>
    <ClInclude Include="..\..\..\source\standard\_encoder_base.h">
      <Filter>encrypt</Filter>
    </ClInclude>
    <ClInclude Include="..\..\..\source\standard\_encoder_key.h">
      <Filter>encrypt</Filter>
    </ClInclude>
    <ClInclude Include="..\..\..\source\template\_algorithm.h">
      <Filter>template</Filter>
    </ClInclude>
    <ClInclude Include="..\..\..\source\template\_array.h">
      <Filter>template</Filter>
    </ClInclude>
    <ClInclude Include="..\..\..\source\template\_iterator.h">
      <Filter>template</Filter>
    </ClInclude>
    <ClInclude Include="..\..\..\source\template\_list.h">
      <Filter>template</Filter>
    </ClInclude>
    <ClInclude Include="..\..\..\source\template\_map.h">
      <Filter>template</Filter>
    </ClInclude>
    <ClInclude Include="..\..\..\source\template\_pair.h">
      <Filter>template</Filter>
    </ClInclude>
    <ClInclude Include="..\..\..\source\template\_queue.h">
      <Filter>template</Filter>
    </ClInclude>
    <ClInclude Include="..\..\..\source\template\_set.h">
      <Filter>template</Filter>
    </ClInclude>
    <ClInclude Include="..\..\..\source\template\_smart_buf.h">
      <Filter>template</Filter>
    </ClInclude>
    <ClInclude Include="..\..\..\source\template\_stack.h">
      <Filter>template</Filter>
    </ClInclude>
    <ClInclude Include="..\..\..\source\template\_string.h">
      <Filter>template</Filter>
    </ClInclude>
    <ClInclude Include="..\..\..\source\template\_template.h">
      <Filter>template</Filter>
    </ClInclude>
    <ClInclude Include="..\..\..\source\template\_trait_char.h">
      <Filter>template</Filter>
    </ClInclude>
    <ClInclude Include="..\..\..\source\template\_tree.h">
      <Filter>template</Filter>
    </ClInclude>
    <ClInclude Include="..\..\..\source\standard\_string.h">
      <Filter>standard</Filter>
    </ClInclude>
    <ClInclude Include="..\..\..\source\standard\_repeat_buffer.h">
      <Filter>utility</Filter>
    </ClInclude>
    <ClInclude Include="..\..\..\source\standard\_point.h">
      <Filter>utility</Filter>
    </ClInclude>
    <ClInclude Include="..\..\..\source\standard\_path.h">
      <Filter>utility</Filter>
    </ClInclude>
    <ClInclude Include="..\..\..\source\standard\_rectangle.h">
      <Filter>utility</Filter>
    </ClInclude>
    <ClInclude Include="..\..\..\source\standard\_numeral.h">
      <Filter>utility</Filter>
    </ClInclude>
  </ItemGroup>
  <ItemGroup>
    <ClCompile Include="..\..\..\source\standard\_gcd.cpp">
      <Filter>standard</Filter>
    </ClCompile>
    <ClCompile Include="..\..\..\source\standard\_abs.cpp">
      <Filter>standard</Filter>
    </ClCompile>
    <ClCompile Include="..\..\..\source\standard\_memory.cpp">
      <Filter>standard</Filter>
    </ClCompile>
    <ClCompile Include="..\..\..\source\standard\_arcsine.cpp">
      <Filter>standard</Filter>
    </ClCompile>
    <ClCompile Include="..\..\..\source\standard\_arctangent.cpp">
      <Filter>standard</Filter>
    </ClCompile>
    <ClCompile Include="..\..\..\source\standard\_exp.cpp">
      <Filter>standard</Filter>
    </ClCompile>
    <ClCompile Include="..\..\..\source\standard\_extract.cpp">
      <Filter>standard</Filter>
    </ClCompile>
    <ClCompile Include="..\..\..\source\standard\_frexp.cpp">
      <Filter>standard</Filter>
    </ClCompile>
    <ClCompile Include="..\..\..\source\standard\_hypot.cpp">
      <Filter>standard</Filter>
    </ClCompile>
    <ClCompile Include="..\..\..\source\standard\_intercept.cpp">
      <Filter>standard</Filter>
    </ClCompile>
    <ClCompile Include="..\..\..\source\standard\_ldexp.cpp">
      <Filter>standard</Filter>
    </ClCompile>
    <ClCompile Include="..\..\..\source\standard\_log.cpp">
      <Filter>standard</Filter>
    </ClCompile>
    <ClCompile Include="..\..\..\source\standard\_mod.cpp">
      <Filter>standard</Filter>
    </ClCompile>
    <ClCompile Include="..\..\..\source\standard\_power.cpp">
      <Filter>standard</Filter>
    </ClCompile>
    <ClCompile Include="..\..\..\source\standard\_setsign.cpp">
      <Filter>standard</Filter>
    </ClCompile>
    <ClCompile Include="..\..\..\source\standard\_sine.cpp">
      <Filter>standard</Filter>
    </ClCompile>
    <ClCompile Include="..\..\..\source\standard\_sqrt.cpp">
      <Filter>standard</Filter>
    </ClCompile>
    <ClCompile Include="..\..\..\source\standard\_tangent.cpp">
      <Filter>standard</Filter>
    </ClCompile>
  </ItemGroup>
  <ItemGroup>
    <None Include="..\..\..\source\standard\_tstr_cat.inl">
      <Filter>standard</Filter>
    </None>
    <None Include="..\..\..\source\standard\_tstr_cpy.inl">
      <Filter>standard</Filter>
    </None>
    <None Include="..\..\..\source\standard\_tstr_find.inl">
      <Filter>standard</Filter>
    </None>
    <None Include="..\..\..\source\standard\_tstr_len.inl">
      <Filter>standard</Filter>
    </None>
    <None Include="..\..\..\source\standard\_tstr_reverse.inl">
      <Filter>standard</Filter>
    </None>
    <None Include="..\..\..\source\standard\_tstr_set.inl">
      <Filter>standard</Filter>
    </None>
    <None Include="..\..\..\source\template\_find.inl">
      <Filter>template</Filter>
    </None>
    <None Include="..\..\..\source\template\_permutation.inl">
      <Filter>template</Filter>
    </None>
    <None Include="..\..\..\source\template\_replace.inl">
      <Filter>template</Filter>
    </None>
    <None Include="..\..\..\source\template\_sort.inl">
      <Filter>template</Filter>
    </None>
    <None Include="..\..\..\source\standard\_str_case.cpp">
      <Filter>standard</Filter>
    </None>
    <None Include="..\..\..\source\standard\_str_cmp.cpp">
      <Filter>standard</Filter>
    </None>
    <None Include="..\..\..\source\standard\_str_spn.cpp">
      <Filter>standard</Filter>
    </None>
    <None Include="..\..\..\source\standard\_wstr_case.cpp">
      <Filter>standard</Filter>
    </None>
    <None Include="..\..\..\source\standard\_wstr_cmp.cpp">
      <Filter>standard</Filter>
    </None>
    <None Include="..\..\..\source\standard\_wstr_spn.cpp">
      <Filter>standard</Filter>
    </None>
  </ItemGroup>
</Project>